// !$*UTF8*$!
{
	archiveVersion = 1;
	classes = {
	};
	objectVersion = 46;
	objects = {

/* Begin PBXBuildFile section */
		301EB0FA15DCB6CF008421E8 /* UIKit.framework in Frameworks */ = {isa = PBXBuildFile; fileRef = 301EB0F915DCB6CF008421E8 /* UIKit.framework */; };
		301EB0FC15DCB6CF008421E8 /* Foundation.framework in Frameworks */ = {isa = PBXBuildFile; fileRef = 301EB0FB15DCB6CF008421E8 /* Foundation.framework */; };
		301EB0FE15DCB6CF008421E8 /* CoreGraphics.framework in Frameworks */ = {isa = PBXBuildFile; fileRef = 301EB0FD15DCB6CF008421E8 /* CoreGraphics.framework */; };
		301EB11815DCB6D0008421E8 /* SenTestingKit.framework in Frameworks */ = {isa = PBXBuildFile; fileRef = 301EB11715DCB6D0008421E8 /* SenTestingKit.framework */; };
		301EB11915DCB6D0008421E8 /* UIKit.framework in Frameworks */ = {isa = PBXBuildFile; fileRef = 301EB0F915DCB6CF008421E8 /* UIKit.framework */; };
		301EB11A15DCB6D0008421E8 /* Foundation.framework in Frameworks */ = {isa = PBXBuildFile; fileRef = 301EB0FB15DCB6CF008421E8 /* Foundation.framework */; };
		3043E90515DE05FC00D73783 /* EDINode.m in Sources */ = {isa = PBXBuildFile; fileRef = 3043E8F915DE05FC00D73783 /* EDINode.m */; };
		3043E90715DE05FC00D73783 /* EDITorAppDelegate.m in Sources */ = {isa = PBXBuildFile; fileRef = 3043E8FD15DE05FC00D73783 /* EDITorAppDelegate.m */; };
		3043E90815DE05FC00D73783 /* EDITorTableViewController.m in Sources */ = {isa = PBXBuildFile; fileRef = 3043E8FF15DE05FC00D73783 /* EDITorTableViewController.m */; };
		3043E90A15DE05FC00D73783 /* MainStoryboard.storyboard in Resources */ = {isa = PBXBuildFile; fileRef = 3043E90215DE05FC00D73783 /* MainStoryboard.storyboard */; };
		3043E90B15DE05FC00D73783 /* main.m in Sources */ = {isa = PBXBuildFile; fileRef = 3043E90415DE05FC00D73783 /* main.m */; };
		3043E91315DE060500D73783 /* EDITorTests.m in Sources */ = {isa = PBXBuildFile; fileRef = 3043E90F15DE060500D73783 /* EDITorTests.m */; };
		3043E91415DE060500D73783 /* InfoPlist.strings in Resources */ = {isa = PBXBuildFile; fileRef = 3043E91015DE060500D73783 /* InfoPlist.strings */; };
		3043E91F15DE06B800D73783 /* InfoPlist.strings in Resources */ = {isa = PBXBuildFile; fileRef = 3043E90015DE05FC00D73783 /* InfoPlist.strings */; };
/* End PBXBuildFile section */

/* Begin PBXContainerItemProxy section */
		301EB11B15DCB6D0008421E8 /* PBXContainerItemProxy */ = {
			isa = PBXContainerItemProxy;
			containerPortal = 301EB0EC15DCB6CF008421E8 /* Project object */;
			proxyType = 1;
			remoteGlobalIDString = 301EB0F415DCB6CF008421E8;
			remoteInfo = EDITor;
		};
/* End PBXContainerItemProxy section */

/* Begin PBXFileReference section */
		301EB0F515DCB6CF008421E8 /* EDITor.app */ = {isa = PBXFileReference; explicitFileType = wrapper.application; includeInIndex = 0; path = EDITor.app; sourceTree = BUILT_PRODUCTS_DIR; };
		301EB0F915DCB6CF008421E8 /* UIKit.framework */ = {isa = PBXFileReference; lastKnownFileType = wrapper.framework; name = UIKit.framework; path = System/Library/Frameworks/UIKit.framework; sourceTree = SDKROOT; };
		301EB0FB15DCB6CF008421E8 /* Foundation.framework */ = {isa = PBXFileReference; lastKnownFileType = wrapper.framework; name = Foundation.framework; path = System/Library/Frameworks/Foundation.framework; sourceTree = SDKROOT; };
		301EB0FD15DCB6CF008421E8 /* CoreGraphics.framework */ = {isa = PBXFileReference; lastKnownFileType = wrapper.framework; name = CoreGraphics.framework; path = System/Library/Frameworks/CoreGraphics.framework; sourceTree = SDKROOT; };
		301EB11615DCB6D0008421E8 /* EDITorTests.octest */ = {isa = PBXFileReference; explicitFileType = wrapper.cfbundle; includeInIndex = 0; path = EDITorTests.octest; sourceTree = BUILT_PRODUCTS_DIR; };
		301EB11715DCB6D0008421E8 /* SenTestingKit.framework */ = {isa = PBXFileReference; lastKnownFileType = wrapper.framework; name = SenTestingKit.framework; path = Library/Frameworks/SenTestingKit.framework; sourceTree = DEVELOPER_DIR; };
		3043E8F815DE05FC00D73783 /* EDINode.h */ = {isa = PBXFileReference; fileEncoding = 4; lastKnownFileType = sourcecode.c.h; path = EDINode.h; sourceTree = "<group>"; };
		3043E8F915DE05FC00D73783 /* EDINode.m */ = {isa = PBXFileReference; fileEncoding = 4; lastKnownFileType = sourcecode.c.objc; path = EDINode.m; sourceTree = "<group>"; };
		3043E8FA15DE05FC00D73783 /* EDITor-Info.plist */ = {isa = PBXFileReference; fileEncoding = 4; lastKnownFileType = text.plist.xml; path = "EDITor-Info.plist"; sourceTree = "<group>"; };
		3043E8FB15DE05FC00D73783 /* EDITor-Prefix.pch */ = {isa = PBXFileReference; fileEncoding = 4; lastKnownFileType = sourcecode.c.h; path = "EDITor-Prefix.pch"; sourceTree = "<group>"; };
		3043E8FC15DE05FC00D73783 /* EDITorAppDelegate.h */ = {isa = PBXFileReference; fileEncoding = 4; lastKnownFileType = sourcecode.c.h; path = EDITorAppDelegate.h; sourceTree = "<group>"; };
		3043E8FD15DE05FC00D73783 /* EDITorAppDelegate.m */ = {isa = PBXFileReference; fileEncoding = 4; lastKnownFileType = sourcecode.c.objc; path = EDITorAppDelegate.m; sourceTree = "<group>"; };
		3043E8FE15DE05FC00D73783 /* EDITorTableViewController.h */ = {isa = PBXFileReference; fileEncoding = 4; lastKnownFileType = sourcecode.c.h; path = EDITorTableViewController.h; sourceTree = "<group>"; };
		3043E8FF15DE05FC00D73783 /* EDITorTableViewController.m */ = {isa = PBXFileReference; fileEncoding = 4; lastKnownFileType = sourcecode.c.objc; path = EDITorTableViewController.m; sourceTree = "<group>"; };
		3043E90115DE05FC00D73783 /* en */ = {isa = PBXFileReference; lastKnownFileType = text.plist.strings; name = en; path = en.lproj/InfoPlist.strings; sourceTree = "<group>"; };
		3043E90315DE05FC00D73783 /* en */ = {isa = PBXFileReference; lastKnownFileType = file.storyboard; name = en; path = en.lproj/MainStoryboard.storyboard; sourceTree = "<group>"; };
		3043E90415DE05FC00D73783 /* main.m */ = {isa = PBXFileReference; fileEncoding = 4; lastKnownFileType = sourcecode.c.objc; path = main.m; sourceTree = "<group>"; };
		3043E90D15DE060500D73783 /* EDITorTests-Info.plist */ = {isa = PBXFileReference; fileEncoding = 4; lastKnownFileType = text.plist.xml; path = "EDITorTests-Info.plist"; sourceTree = "<group>"; };
		3043E90E15DE060500D73783 /* EDITorTests.h */ = {isa = PBXFileReference; fileEncoding = 4; lastKnownFileType = sourcecode.c.h; path = EDITorTests.h; sourceTree = "<group>"; };
		3043E90F15DE060500D73783 /* EDITorTests.m */ = {isa = PBXFileReference; fileEncoding = 4; lastKnownFileType = sourcecode.c.objc; path = EDITorTests.m; sourceTree = "<group>"; };
		3043E91115DE060500D73783 /* en */ = {isa = PBXFileReference; lastKnownFileType = text.plist.strings; name = en; path = en.lproj/InfoPlist.strings; sourceTree = "<group>"; };
/* End PBXFileReference section */

/* Begin PBXFrameworksBuildPhase section */
		301EB0F215DCB6CF008421E8 /* Frameworks */ = {
			isa = PBXFrameworksBuildPhase;
			buildActionMask = 2147483647;
			files = (
				301EB0FA15DCB6CF008421E8 /* UIKit.framework in Frameworks */,
				301EB0FC15DCB6CF008421E8 /* Foundation.framework in Frameworks */,
				301EB0FE15DCB6CF008421E8 /* CoreGraphics.framework in Frameworks */,
			);
			runOnlyForDeploymentPostprocessing = 0;
		};
		301EB11215DCB6D0008421E8 /* Frameworks */ = {
			isa = PBXFrameworksBuildPhase;
			buildActionMask = 2147483647;
			files = (
				301EB11815DCB6D0008421E8 /* SenTestingKit.framework in Frameworks */,
				301EB11915DCB6D0008421E8 /* UIKit.framework in Frameworks */,
				301EB11A15DCB6D0008421E8 /* Foundation.framework in Frameworks */,
			);
			runOnlyForDeploymentPostprocessing = 0;
		};
/* End PBXFrameworksBuildPhase section */

/* Begin PBXGroup section */
		301EB0EA15DCB6CF008421E8 = {
			isa = PBXGroup;
			children = (
				3043E8F715DE05FC00D73783 /* EDITor */,
				3043E90C15DE060500D73783 /* EDITorTests */,
				301EB0F815DCB6CF008421E8 /* Frameworks */,
				301EB0F615DCB6CF008421E8 /* Products */,
			);
			sourceTree = "<group>";
		};
		301EB0F615DCB6CF008421E8 /* Products */ = {
			isa = PBXGroup;
			children = (
				301EB0F515DCB6CF008421E8 /* EDITor.app */,
				301EB11615DCB6D0008421E8 /* EDITorTests.octest */,
			);
			name = Products;
			sourceTree = "<group>";
		};
		301EB0F815DCB6CF008421E8 /* Frameworks */ = {
			isa = PBXGroup;
			children = (
				301EB0F915DCB6CF008421E8 /* UIKit.framework */,
				301EB0FB15DCB6CF008421E8 /* Foundation.framework */,
				301EB0FD15DCB6CF008421E8 /* CoreGraphics.framework */,
				301EB11715DCB6D0008421E8 /* SenTestingKit.framework */,
			);
			name = Frameworks;
			sourceTree = "<group>";
		};
		3043E8F715DE05FC00D73783 /* EDITor */ = {
			isa = PBXGroup;
			children = (
				3043E8F815DE05FC00D73783 /* EDINode.h */,
				3043E8F915DE05FC00D73783 /* EDINode.m */,
				3043E8FC15DE05FC00D73783 /* EDITorAppDelegate.h */,
				3043E8FD15DE05FC00D73783 /* EDITorAppDelegate.m */,
				3043E8FE15DE05FC00D73783 /* EDITorTableViewController.h */,
				3043E8FF15DE05FC00D73783 /* EDITorTableViewController.m */,
				3043E90215DE05FC00D73783 /* MainStoryboard.storyboard */,
				3043E92015DE071500D73783 /* Supporting Files */,
			);
			path = EDITor;
			sourceTree = "<group>";
		};
		3043E90C15DE060500D73783 /* EDITorTests */ = {
			isa = PBXGroup;
			children = (
				3043E90D15DE060500D73783 /* EDITorTests-Info.plist */,
				3043E90E15DE060500D73783 /* EDITorTests.h */,
				3043E90F15DE060500D73783 /* EDITorTests.m */,
				3043E91015DE060500D73783 /* InfoPlist.strings */,
			);
			path = EDITorTests;
			sourceTree = "<group>";
		};
		3043E92015DE071500D73783 /* Supporting Files */ = {
			isa = PBXGroup;
			children = (
				3043E8FB15DE05FC00D73783 /* EDITor-Prefix.pch */,
				3043E90415DE05FC00D73783 /* main.m */,
				3043E8FA15DE05FC00D73783 /* EDITor-Info.plist */,
				3043E90015DE05FC00D73783 /* InfoPlist.strings */,
			);
			name = "Supporting Files";
			sourceTree = "<group>";
		};
/* End PBXGroup section */

/* Begin PBXNativeTarget section */
		301EB0F415DCB6CF008421E8 /* EDITor */ = {
			isa = PBXNativeTarget;
			buildConfigurationList = 301EB12815DCB6D0008421E8 /* Build configuration list for PBXNativeTarget "EDITor" */;
			buildPhases = (
				301EB0F115DCB6CF008421E8 /* Sources */,
				301EB0F215DCB6CF008421E8 /* Frameworks */,
				301EB0F315DCB6CF008421E8 /* Resources */,
			);
			buildRules = (
			);
			dependencies = (
			);
			name = EDITor;
			productName = EDITor;
			productReference = 301EB0F515DCB6CF008421E8 /* EDITor.app */;
			productType = "com.apple.product-type.application";
		};
		301EB11515DCB6D0008421E8 /* EDITorTests */ = {
			isa = PBXNativeTarget;
			buildConfigurationList = 301EB12B15DCB6D0008421E8 /* Build configuration list for PBXNativeTarget "EDITorTests" */;
			buildPhases = (
				301EB11115DCB6D0008421E8 /* Sources */,
				301EB11215DCB6D0008421E8 /* Frameworks */,
				301EB11315DCB6D0008421E8 /* Resources */,
				301EB11415DCB6D0008421E8 /* ShellScript */,
			);
			buildRules = (
			);
			dependencies = (
				301EB11C15DCB6D0008421E8 /* PBXTargetDependency */,
			);
			name = EDITorTests;
			productName = EDITorTests;
			productReference = 301EB11615DCB6D0008421E8 /* EDITorTests.octest */;
			productType = "com.apple.product-type.bundle";
		};
/* End PBXNativeTarget section */

/* Begin PBXProject section */
		301EB0EC15DCB6CF008421E8 /* Project object */ = {
			isa = PBXProject;
			attributes = {
				CLASSPREFIX = EDITor;
				LastUpgradeCheck = 0440;
				ORGANIZATIONNAME = win;
			};
			buildConfigurationList = 301EB0EF15DCB6CF008421E8 /* Build configuration list for PBXProject "EDITor" */;
			compatibilityVersion = "Xcode 3.2";
			developmentRegion = English;
			hasScannedForEncodings = 0;
			knownRegions = (
				en,
			);
			mainGroup = 301EB0EA15DCB6CF008421E8;
			productRefGroup = 301EB0F615DCB6CF008421E8 /* Products */;
			projectDirPath = "";
			projectRoot = "";
			targets = (
				301EB0F415DCB6CF008421E8 /* EDITor */,
				301EB11515DCB6D0008421E8 /* EDITorTests */,
			);
		};
/* End PBXProject section */

/* Begin PBXResourcesBuildPhase section */
		301EB0F315DCB6CF008421E8 /* Resources */ = {
			isa = PBXResourcesBuildPhase;
			buildActionMask = 2147483647;
			files = (
				3043E90A15DE05FC00D73783 /* MainStoryboard.storyboard in Resources */,
				3043E91F15DE06B800D73783 /* InfoPlist.strings in Resources */,
			);
			runOnlyForDeploymentPostprocessing = 0;
		};
		301EB11315DCB6D0008421E8 /* Resources */ = {
			isa = PBXResourcesBuildPhase;
			buildActionMask = 2147483647;
			files = (
				3043E91415DE060500D73783 /* InfoPlist.strings in Resources */,
			);
			runOnlyForDeploymentPostprocessing = 0;
		};
/* End PBXResourcesBuildPhase section */

/* Begin PBXShellScriptBuildPhase section */
		301EB11415DCB6D0008421E8 /* ShellScript */ = {
			isa = PBXShellScriptBuildPhase;
			buildActionMask = 2147483647;
			files = (
			);
			inputPaths = (
			);
			outputPaths = (
			);
			runOnlyForDeploymentPostprocessing = 0;
			shellPath = /bin/sh;
			shellScript = "# Run the unit tests in this test bundle.\n\"${SYSTEM_DEVELOPER_DIR}/Tools/RunUnitTests\"\n";
		};
/* End PBXShellScriptBuildPhase section */

/* Begin PBXSourcesBuildPhase section */
		301EB0F115DCB6CF008421E8 /* Sources */ = {
			isa = PBXSourcesBuildPhase;
			buildActionMask = 2147483647;
			files = (
				3043E90515DE05FC00D73783 /* EDINode.m in Sources */,
				3043E90715DE05FC00D73783 /* EDITorAppDelegate.m in Sources */,
				3043E90815DE05FC00D73783 /* EDITorTableViewController.m in Sources */,
				3043E90B15DE05FC00D73783 /* main.m in Sources */,
			);
			runOnlyForDeploymentPostprocessing = 0;
		};
		301EB11115DCB6D0008421E8 /* Sources */ = {
			isa = PBXSourcesBuildPhase;
			buildActionMask = 2147483647;
			files = (
				3043E91315DE060500D73783 /* EDITorTests.m in Sources */,
			);
			runOnlyForDeploymentPostprocessing = 0;
		};
/* End PBXSourcesBuildPhase section */

/* Begin PBXTargetDependency section */
		301EB11C15DCB6D0008421E8 /* PBXTargetDependency */ = {
			isa = PBXTargetDependency;
			target = 301EB0F415DCB6CF008421E8 /* EDITor */;
			targetProxy = 301EB11B15DCB6D0008421E8 /* PBXContainerItemProxy */;
		};
/* End PBXTargetDependency section */

/* Begin PBXVariantGroup section */
		3043E90015DE05FC00D73783 /* InfoPlist.strings */ = {
			isa = PBXVariantGroup;
			children = (
				3043E90115DE05FC00D73783 /* en */,
			);
			name = InfoPlist.strings;
			sourceTree = "<group>";
		};
		3043E90215DE05FC00D73783 /* MainStoryboard.storyboard */ = {
			isa = PBXVariantGroup;
			children = (
				3043E90315DE05FC00D73783 /* en */,
			);
			name = MainStoryboard.storyboard;
			sourceTree = "<group>";
		};
		3043E91015DE060500D73783 /* InfoPlist.strings */ = {
			isa = PBXVariantGroup;
			children = (
				3043E91115DE060500D73783 /* en */,
			);
			name = InfoPlist.strings;
			sourceTree = "<group>";
		};
/* End PBXVariantGroup section */

/* Begin XCBuildConfiguration section */
		301EB12615DCB6D0008421E8 /* Debug */ = {
			isa = XCBuildConfiguration;
			buildSettings = {
				ALWAYS_SEARCH_USER_PATHS = NO;
				ARCHS = "$(ARCHS_STANDARD_32_BIT)";
				CLANG_CXX_LANGUAGE_STANDARD = "gnu++0x";
				CLANG_ENABLE_OBJC_ARC = YES;
				CLANG_WARN__DUPLICATE_METHOD_MATCH = YES;
				"CODE_SIGN_IDENTITY[sdk=iphoneos*]" = "iPhone Developer";
				COPY_PHASE_STRIP = NO;
				GCC_C_LANGUAGE_STANDARD = gnu99;
				GCC_DYNAMIC_NO_PIC = NO;
				GCC_OPTIMIZATION_LEVEL = 0;
				GCC_PREPROCESSOR_DEFINITIONS = (
					"DEBUG=1",
					"$(inherited)",
				);
				GCC_SYMBOLS_PRIVATE_EXTERN = NO;
				GCC_VERSION = com.apple.compilers.llvm.clang.1_0;
				GCC_WARN_ABOUT_RETURN_TYPE = YES;
				GCC_WARN_UNINITIALIZED_AUTOS = YES;
				GCC_WARN_UNUSED_VARIABLE = YES;
				IPHONEOS_DEPLOYMENT_TARGET = 5.1;
				RUN_CLANG_STATIC_ANALYZER = NO;
				SDKROOT = iphoneos;
			};
			name = Debug;
		};
		301EB12715DCB6D0008421E8 /* Release */ = {
			isa = XCBuildConfiguration;
			buildSettings = {
				ALWAYS_SEARCH_USER_PATHS = NO;
				ARCHS = "$(ARCHS_STANDARD_32_BIT)";
				CLANG_CXX_LANGUAGE_STANDARD = "gnu++0x";
				CLANG_ENABLE_OBJC_ARC = YES;
				CLANG_WARN__DUPLICATE_METHOD_MATCH = YES;
				"CODE_SIGN_IDENTITY[sdk=iphoneos*]" = "iPhone Developer";
				COPY_PHASE_STRIP = YES;
				GCC_C_LANGUAGE_STANDARD = gnu99;
				GCC_VERSION = com.apple.compilers.llvm.clang.1_0;
				GCC_WARN_ABOUT_RETURN_TYPE = YES;
				GCC_WARN_UNINITIALIZED_AUTOS = YES;
				GCC_WARN_UNUSED_VARIABLE = YES;
				IPHONEOS_DEPLOYMENT_TARGET = 5.1;
				OTHER_CFLAGS = "-DNS_BLOCK_ASSERTIONS=1";
				RUN_CLANG_STATIC_ANALYZER = NO;
				SDKROOT = iphoneos;
				VALIDATE_PRODUCT = YES;
			};
			name = Release;
		};
		301EB12915DCB6D0008421E8 /* Debug */ = {
			isa = XCBuildConfiguration;
			buildSettings = {
				GCC_PRECOMPILE_PREFIX_HEADER = YES;
				GCC_PREFIX_HEADER = "EDITor/EDITor-Prefix.pch";
				INFOPLIST_FILE = "EDITor/EDITor-Info.plist";
				PRODUCT_NAME = EDITor;
				RUN_CLANG_STATIC_ANALYZER = NO;
				WRAPPER_EXTENSION = app;
			};
			name = Debug;
		};
		301EB12A15DCB6D0008421E8 /* Release */ = {
			isa = XCBuildConfiguration;
			buildSettings = {
				GCC_PRECOMPILE_PREFIX_HEADER = YES;
				GCC_PREFIX_HEADER = "EDITor/EDITor-Prefix.pch";
				INFOPLIST_FILE = "EDITor/EDITor-Info.plist";
				PRODUCT_NAME = EDITor;
				RUN_CLANG_STATIC_ANALYZER = NO;
				WRAPPER_EXTENSION = app;
			};
			name = Release;
		};
		301EB12C15DCB6D0008421E8 /* Debug */ = {
			isa = XCBuildConfiguration;
			buildSettings = {
				BUNDLE_LOADER = "$(BUILT_PRODUCTS_DIR)/EDITor.app/EDITor";
				FRAMEWORK_SEARCH_PATHS = (
					"\"$(SDKROOT)/Developer/Library/Frameworks\"",
					"\"$(DEVELOPER_LIBRARY_DIR)/Frameworks\"",
				);
				GCC_PRECOMPILE_PREFIX_HEADER = YES;
				GCC_PREFIX_HEADER = "EDITor/EDITor-Prefix.pch";
				INFOPLIST_FILE = "EDITorTests/EDITorTests-Info.plist";
				PRODUCT_NAME = EDITorTests;
				TEST_HOST = "$(BUNDLE_LOADER)";
				WRAPPER_EXTENSION = octest;
			};
			name = Debug;
		};
		301EB12D15DCB6D0008421E8 /* Release */ = {
			isa = XCBuildConfiguration;
			buildSettings = {
				BUNDLE_LOADER = "$(BUILT_PRODUCTS_DIR)/EDITor.app/EDITor";
				FRAMEWORK_SEARCH_PATHS = (
					"\"$(SDKROOT)/Developer/Library/Frameworks\"",
					"\"$(DEVELOPER_LIBRARY_DIR)/Frameworks\"",
				);
				GCC_PRECOMPILE_PREFIX_HEADER = YES;
				GCC_PREFIX_HEADER = "EDITor/EDITor-Prefix.pch";
				INFOPLIST_FILE = "EDITorTests/EDITorTests-Info.plist";
				PRODUCT_NAME = EDITorTests;
				TEST_HOST = "$(BUNDLE_LOADER)";
				WRAPPER_EXTENSION = octest;
			};
			name = Release;
		};
/* End XCBuildConfiguration section */

/* Begin XCConfigurationList section */
		301EB0EF15DCB6CF008421E8 /* Build configuration list for PBXProject "EDITor" */ = {
			isa = XCConfigurationList;
			buildConfigurations = (
				301EB12615DCB6D0008421E8 /* Debug */,
				301EB12715DCB6D0008421E8 /* Release */,
			);
			defaultConfigurationIsVisible = 0;
			defaultConfigurationName = Release;
		};
		301EB12815DCB6D0008421E8 /* Build configuration list for PBXNativeTarget "EDITor" */ = {
			isa = XCConfigurationList;
			buildConfigurations = (
				301EB12915DCB6D0008421E8 /* Debug */,
				301EB12A15DCB6D0008421E8 /* Release */,
			);
			defaultConfigurationIsVisible = 0;
			defaultConfigurationName = Release;
		};
		301EB12B15DCB6D0008421E8 /* Build configuration list for PBXNativeTarget "EDITorTests" */ = {
			isa = XCConfigurationList;
			buildConfigurations = (
				301EB12C15DCB6D0008421E8 /* Debug */,
				301EB12D15DCB6D0008421E8 /* Release */,
			);
			defaultConfigurationIsVisible = 0;
			defaultConfigurationName = Release;
		};
/* End XCConfigurationList section */
	};
	rootObject = 301EB0EC15DCB6CF008421E8 /* Project object */;
}
